# This file was autogenerated by Stack.
# You should not edit this file by hand.
# For more information, please see the documentation at:
#   https://docs.haskellstack.org/en/stable/lock_files

packages:
- completed:
    hackage: sbv-8.10@sha256:910384ec5ec29c6798b855c0f0228d5727e0dcdf210405931dadbcc1d34378fc,29164
    pantry-tree:
      size: 63736
      sha256: 9564ae2d0028c194043efb94866ca9cf7d9873d4b79932a53e04c7880c05159b
  original:
    hackage: sbv-8.10
- completed:
    hackage: QuickCheck-2.14.2@sha256:4ce29211223d5e6620ebceba34a3ca9ccf1c10c0cf387d48aea45599222ee5aa,7736
    pantry-tree:
      size: 2315
      sha256: 2fe423d0ed7cd64f0f165d708779f48814e66c4f181c568468134af55d86a5f8
  original:
    hackage: QuickCheck-2.14.2
- completed:
    hackage: async-2.2.3@sha256:0cbefb8247308b38e397e675f832b9bd5317ff1872001d5358f213654423c55b,2920
    pantry-tree:
      size: 501
      sha256: 377430ac1100914cf69806a4b0471d6e2757da539f04462e5bbd1072e0ad1c80
  original:
    hackage: async-2.2.3
- completed:
    hackage: crackNum-2.4@sha256:808da6fcec1baf7a6b165cf4d00ca015d2e0c1ad9d01d325004b78231eca4cef,1469
    pantry-tree:
      size: 678
      sha256: 5774dd7f7ef8bc5afcc30eb439c325308846d0f37e8944012893a33530013fc5
  original:
    hackage: crackNum-2.4
- completed:
    hackage: random-1.2.0@sha256:30d72df4cc1d2fe2d445c88f0ee9d21965af7ce86660c43a6c32a6a1d90d51c9,6094
    pantry-tree:
      size: 1259
      sha256: 92b5a834ba603ee4d006968a75847f4fd93a566b8a96e1b463b8229f8ce9961d
  original:
    hackage: random-1.2.0
- completed:
    hackage: syb-0.7.2.1@sha256:bf42655a213402215299e435c52f799e76cbec0b984cd7153d6b9af8a1c0803f,3815
    pantry-tree:
      size: 3396
      sha256: 3ee55cc33d69da2953e7093f99199fbc0bfa9d90dccd19cac101d09befa5bbb3
  original:
    hackage: syb-0.7.2.1
- completed:
    hackage: uniplate-1.6.13@sha256:c8b715570d0b4baa72512e677552dd3f98372a64bf9de000e779bd4162fd7be7,3320
    pantry-tree:
      size: 1936
      sha256: 7a3065d48fe43c2b7818500d4c571f5226760b5e96d0239b767bfeb573b3c349
  original:
    hackage: uniplate-1.6.13
- completed:
    hackage: FloatingHex-0.5@sha256:a1f524ed4f1ba087a952146f85969030e1b90ad7e55ba3849bb2162d63df3af0,1333
    pantry-tree:
      size: 417
      sha256: 3bfe2baeee21617750314d6b3ddff20058e536fc11a0c8ce68f82934a5bf932f
  original:
    hackage: FloatingHex-0.5
- completed:
    hackage: hashable-1.3.1.0@sha256:d965e098e06cc585b201da6137dcb31c40f35eb7a937b833903969447985c076,3784
    pantry-tree:
      size: 937
      sha256: 8ea12ecf91a4d6fd1f1f885faec1b3eeb4baa0db27ccff49072cfdd0c15833ba
  original:
    hackage: hashable-1.3.1.0
- completed:
    hackage: splitmix-0.1.0.3@sha256:fc3aae74c467f4b608050bef53aec17904a618731df9407e655d8f3bf8c32d5c,6049
    pantry-tree:
      size: 1400
      sha256: 8290f921f41c3628a6c9871502e57fd1d25f5954967afbf4ed16717fd8d3656f
  original:
    hackage: splitmix-0.1.0.3
- completed:
    hackage: unordered-containers-0.2.13.0@sha256:6310c636f92ed4908fdd0de582b6be31c2851c7b5f2ec14e9f416eb94df7a078,4978
    pantry-tree:
      size: 1388
      sha256: 0cdd70d603c621e2b184ff7baa232af8a88a01745710b975b97df63e92c700dd
  original:
    hackage: unordered-containers-0.2.13.0
- completed:
    hackage: containers-0.6.2.1@sha256:bbc3d2d5eef59a5d26383fb4b727c968390f2b6e9bd413d29aa875175bb16f8b,2460
    pantry-tree:
      size: 2823
      sha256: 5bb0af2da4e4cc5472a17063ecdbda8f1117e5f3509fcd600f2cbd7e2b760f49
  original:
    hackage: containers-0.6.2.1
snapshots: []
